
Microsoft Visual Studio Solution File, Format Version 12.00
# Visual Studio Version 17
VisualStudioVersion = 17.11.35222.181
MinimumVisualStudioVersion = 10.0.40219.1
Project("{9A19103F-16F7-4668-BE54-9A1E7A4F7556}") = "DotNetServer.Debug", "DotNetServer.Debug\DotNetServer.Debug.csproj", "{E30EA725-520E-448E-96C0-8BCD1922C2ED}"
EndProject
Project("{9A19103F-16F7-4668-BE54-9A1E7A4F7556}") = "DotNetServer.Http", "DotNetServer.Http\DotNetServer.Http.csproj", "{BB3D722C-642F-41CB-9C20-ECAE463141FB}"
EndProject
Project("{9A19103F-16F7-4668-BE54-9A1E7A4F7556}") = "DotNetServer.TCP", "DotNetServer.TCP\DotNetServer.TCP.csproj", "{32DAA452-1927-4940-95B1-9827F7FB324F}"
EndProject
Project("{9A19103F-16F7-4668-BE54-9A1E7A4F7556}") = "DotNetServer.Tests", "DotNetServer.Tests\DotNetServer.Tests.csproj", "{FDC40E3B-AC51-4307-9CE0-1752141AFB97}"
EndProject
Project("{2150E333-8FDC-42A3-9474-1A3956D46DE8}") = "SolutionItems", "SolutionItems", "{B5F660BA-5C96-4EA3-BA93-7C8020CDB517}"
	ProjectSection(SolutionItems) = preProject
		.editorconfig = .editorconfig
		Directory.Packages.props = Directory.Packages.props
	EndProjectSection
EndProject
Global
	GlobalSection(SolutionConfigurationPlatforms) = preSolution
		Debug|Any CPU = Debug|Any CPU
		Release|Any CPU = Release|Any CPU
	EndGlobalSection
	GlobalSection(ProjectConfigurationPlatforms) = postSolution
		{E30EA725-520E-448E-96C0-8BCD1922C2ED}.Debug|Any CPU.ActiveCfg = Debug|Any CPU
		{E30EA725-520E-448E-96C0-8BCD1922C2ED}.Debug|Any CPU.Build.0 = Debug|Any CPU
		{E30EA725-520E-448E-96C0-8BCD1922C2ED}.Release|Any CPU.ActiveCfg = Release|Any CPU
		{E30EA725-520E-448E-96C0-8BCD1922C2ED}.Release|Any CPU.Build.0 = Release|Any CPU
		{BB3D722C-642F-41CB-9C20-ECAE463141FB}.Debug|Any CPU.ActiveCfg = Debug|Any CPU
		{BB3D722C-642F-41CB-9C20-ECAE463141FB}.Debug|Any CPU.Build.0 = Debug|Any CPU
		{BB3D722C-642F-41CB-9C20-ECAE463141FB}.Release|Any CPU.ActiveCfg = Release|Any CPU
		{BB3D722C-642F-41CB-9C20-ECAE463141FB}.Release|Any CPU.Build.0 = Release|Any CPU
		{32DAA452-1927-4940-95B1-9827F7FB324F}.Debug|Any CPU.ActiveCfg = Debug|Any CPU
		{32DAA452-1927-4940-95B1-9827F7FB324F}.Debug|Any CPU.Build.0 = Debug|Any CPU
		{32DAA452-1927-4940-95B1-9827F7FB324F}.Release|Any CPU.ActiveCfg = Release|Any CPU
		{32DAA452-1927-4940-95B1-9827F7FB324F}.Release|Any CPU.Build.0 = Release|Any CPU
		{FDC40E3B-AC51-4307-9CE0-1752141AFB97}.Debug|Any CPU.ActiveCfg = Debug|Any CPU
		{FDC40E3B-AC51-4307-9CE0-1752141AFB97}.Debug|Any CPU.Build.0 = Debug|Any CPU
		{FDC40E3B-AC51-4307-9CE0-1752141AFB97}.Release|Any CPU.ActiveCfg = Release|Any CPU
		{FDC40E3B-AC51-4307-9CE0-1752141AFB97}.Release|Any CPU.Build.0 = Release|Any CPU
	EndGlobalSection
	GlobalSection(SolutionProperties) = preSolution
		HideSolutionNode = FALSE
	EndGlobalSection
	GlobalSection(ExtensibilityGlobals) = postSolution
		SolutionGuid = {1F5E8DC7-7809-44E3-9C60-553A0AF1D0A9}
	EndGlobalSection
EndGlobal
